schema: '2.0'
stages:
  preprocess:
    cmd: uv run python src/preprocess.py
    deps:
    - path: data/raw/events.csv
      hash: md5
      md5: fddaf7c1c6a9df23a726500a08ffdd7e
      size: 94237913
    - path: src/preprocess.py
      hash: md5
      md5: dd51c6742a60fea25a80339487cd4c26
      size: 1070
    - path: src/utils.py
      hash: md5
      md5: 869c1cfa66cdf7be60dc0c817fedd9c3
      size: 203
    outs:
    - path: data/processed/events_clean.csv
      hash: md5
      md5: dff658ebe4c5262286fa2827b5c658de
      size: 47542640
  feature_eng:
    cmd: uv run python src/feature_eng.py
    deps:
    - path: data/processed/events_clean.csv
      hash: md5
      md5: dff658ebe4c5262286fa2827b5c658de
      size: 47542640
    - path: src/feature_eng.py
      hash: md5
      md5: 4624534ff583770b50923312d580283b
      size: 1596
    - path: src/utils.py
      hash: md5
      md5: 869c1cfa66cdf7be60dc0c817fedd9c3
      size: 203
    outs:
    - path: data/features/user_features.csv
      hash: md5
      md5: 9e3beb60afc2998b70f94050a73d8a34
      size: 3288402
  train:
    cmd: uv run python src/train.py
    deps:
    - path: data/features/user_features.csv
      hash: md5
      md5: 9e3beb60afc2998b70f94050a73d8a34
      size: 3288402
    - path: src/models.py
      hash: md5
      md5: 73ea1c25f36eb36df369800d44e1eaef
      size: 4724
    - path: src/settings.py
      hash: md5
      md5: 6cb6a8b360dfc1b2df89d781c21b6b95
      size: 3659
    - path: src/train.py
      hash: md5
      md5: 8a2e77b171caa1def5a74afa0a7fb5e7
      size: 22005
    outs:
    - path: models/LR_recommender_model.joblib
      hash: md5
      md5: e7ffe8e6c5926e566304beb4aa225e97
      size: 601
    - path: models/MLP_recommender_model.pth
      hash: md5
      md5: 76e7f96d61bee7594391edc99eb0e311
      size: 21300
